// !$*UTF8*$!
{
	archiveVersion = 1;
	classes = {
	};
	objectVersion = 55;
	objects = {

/* Begin PBXBuildFile section */
		CE0504E027AD7AB8009A2601 /* AppDelegate.swift in Sources */ = {isa = PBXBuildFile; fileRef = CE0504DF27AD7AB8009A2601 /* AppDelegate.swift */; };
		CE0504E227AD7AB8009A2601 /* SceneDelegate.swift in Sources */ = {isa = PBXBuildFile; fileRef = CE0504E127AD7AB8009A2601 /* SceneDelegate.swift */; };
		CE0504E427AD7AB8009A2601 /* ViewController.swift in Sources */ = {isa = PBXBuildFile; fileRef = CE0504E327AD7AB8009A2601 /* ViewController.swift */; };
		CE0504E727AD7AB8009A2601 /* Main.storyboard in Resources */ = {isa = PBXBuildFile; fileRef = CE0504E527AD7AB8009A2601 /* Main.storyboard */; };
		CE0504E927AD7ABA009A2601 /* Assets.xcassets in Resources */ = {isa = PBXBuildFile; fileRef = CE0504E827AD7ABA009A2601 /* Assets.xcassets */; };
		CE0504EC27AD7ABA009A2601 /* LaunchScreen.storyboard in Resources */ = {isa = PBXBuildFile; fileRef = CE0504EA27AD7ABA009A2601 /* LaunchScreen.storyboard */; };
		CE0504F527ADB8DB009A2601 /* WeatherModel.swift in Sources */ = {isa = PBXBuildFile; fileRef = CE0504F427ADB8DB009A2601 /* WeatherModel.swift */; };
		CE0504F827ADCC77009A2601 /* WeatherManager.swift in Sources */ = {isa = PBXBuildFile; fileRef = CE0504F727ADCC77009A2601 /* WeatherManager.swift */; };
/* End PBXBuildFile section */

/* Begin PBXFileReference section */
		CE0504DC27AD7AB8009A2601 /* NormalWeatherApp.app */ = {isa = PBXFileReference; explicitFileType = wrapper.application; includeInIndex = 0; path = NormalWeatherApp.app; sourceTree = BUILT_PRODUCTS_DIR; };
		CE0504DF27AD7AB8009A2601 /* AppDelegate.swift */ = {isa = PBXFileReference; lastKnownFileType = sourcecode.swift; path = AppDelegate.swift; sourceTree = "<group>"; };
		CE0504E127AD7AB8009A2601 /* SceneDelegate.swift */ = {isa = PBXFileReference; lastKnownFileType = sourcecode.swift; path = SceneDelegate.swift; sourceTree = "<group>"; };
		CE0504E327AD7AB8009A2601 /* ViewController.swift */ = {isa = PBXFileReference; lastKnownFileType = sourcecode.swift; path = ViewController.swift; sourceTree = "<group>"; };
		CE0504E627AD7AB8009A2601 /* Base */ = {isa = PBXFileReference; lastKnownFileType = file.storyboard; name = Base; path = Base.lproj/Main.storyboard; sourceTree = "<group>"; };
		CE0504E827AD7ABA009A2601 /* Assets.xcassets */ = {isa = PBXFileReference; lastKnownFileType = folder.assetcatalog; path = Assets.xcassets; sourceTree = "<group>"; };
		CE0504EB27AD7ABA009A2601 /* Base */ = {isa = PBXFileReference; lastKnownFileType = file.storyboard; name = Base; path = Base.lproj/LaunchScreen.storyboard; sourceTree = "<group>"; };
		CE0504ED27AD7ABA009A2601 /* Info.plist */ = {isa = PBXFileReference; lastKnownFileType = text.plist.xml; path = Info.plist; sourceTree = "<group>"; };
		CE0504F427ADB8DB009A2601 /* WeatherModel.swift */ = {isa = PBXFileReference; lastKnownFileType = sourcecode.swift; path = WeatherModel.swift; sourceTree = "<group>"; };
		CE0504F727ADCC77009A2601 /* WeatherManager.swift */ = {isa = PBXFileReference; lastKnownFileType = sourcecode.swift; path = WeatherManager.swift; sourceTree = "<group>"; };
/* End PBXFileReference section */

/* Begin PBXFrameworksBuildPhase section */
		CE0504D927AD7AB8009A2601 /* Frameworks */ = {
			isa = PBXFrameworksBuildPhase;
			buildActionMask = 2147483647;
			files = (
			);
			runOnlyForDeploymentPostprocessing = 0;
		};
/* End PBXFrameworksBuildPhase section */

/* Begin PBXGroup section */
		CE0504D327AD7AB8009A2601 = {
			isa = PBXGroup;
			children = (
				CE0504DE27AD7AB8009A2601 /* NormalWeatherApp */,
				CE0504DD27AD7AB8009A2601 /* Products */,
			);
			sourceTree = "<group>";
		};
		CE0504DD27AD7AB8009A2601 /* Products */ = {
			isa = PBXGroup;
			children = (
				CE0504DC27AD7AB8009A2601 /* NormalWeatherApp.app */,
			);
			name = Products;
			sourceTree = "<group>";
		};
		CE0504DE27AD7AB8009A2601 /* NormalWeatherApp */ = {
			isa = PBXGroup;
			children = (
				CE0504DF27AD7AB8009A2601 /* AppDelegate.swift */,
				CE0504E127AD7AB8009A2601 /* SceneDelegate.swift */,
				CE0504F627ADB8EC009A2601 /* Models */,
				CE0504F327ADB88C009A2601 /* Сontrollers */,
				CE0504E527AD7AB8009A2601 /* Main.storyboard */,
				CE0504E827AD7ABA009A2601 /* Assets.xcassets */,
				CE0504EA27AD7ABA009A2601 /* LaunchScreen.storyboard */,
				CE0504ED27AD7ABA009A2601 /* Info.plist */,
			);
			path = NormalWeatherApp;
			sourceTree = "<group>";
		};
		CE0504F327ADB88C009A2601 /* Сontrollers */ = {
			isa = PBXGroup;
			children = (
				CE0504E327AD7AB8009A2601 /* ViewController.swift */,
			);
			path = "Сontrollers";
			sourceTree = "<group>";
		};
		CE0504F627ADB8EC009A2601 /* Models */ = {
			isa = PBXGroup;
			children = (
				CE0504F427ADB8DB009A2601 /* WeatherModel.swift */,
				CE0504F727ADCC77009A2601 /* WeatherManager.swift */,
			);
			path = Models;
			sourceTree = "<group>";
		};
/* End PBXGroup section */

/* Begin PBXNativeTarget section */
		CE0504DB27AD7AB8009A2601 /* NormalWeatherApp */ = {
			isa = PBXNativeTarget;
			buildConfigurationList = CE0504F027AD7ABA009A2601 /* Build configuration list for PBXNativeTarget "NormalWeatherApp" */;
			buildPhases = (
				CE0504D827AD7AB8009A2601 /* Sources */,
				CE0504D927AD7AB8009A2601 /* Frameworks */,
				CE0504DA27AD7AB8009A2601 /* Resources */,
			);
			buildRules = (
			);
			dependencies = (
			);
			name = NormalWeatherApp;
			productName = NormalWeatherApp;
			productReference = CE0504DC27AD7AB8009A2601 /* NormalWeatherApp.app */;
			productType = "com.apple.product-type.application";
		};
/* End PBXNativeTarget section */

/* Begin PBXProject section */
		CE0504D427AD7AB8009A2601 /* Project object */ = {
			isa = PBXProject;
			attributes = {
				BuildIndependentTargetsInParallel = 1;
				LastSwiftUpdateCheck = 1320;
				LastUpgradeCheck = 1320;
				TargetAttributes = {
					CE0504DB27AD7AB8009A2601 = {
						CreatedOnToolsVersion = 13.2.1;
					};
				};
			};
			buildConfigurationList = CE0504D727AD7AB8009A2601 /* Build configuration list for PBXProject "NormalWeatherApp" */;
			compatibilityVersion = "Xcode 13.0";
			developmentRegion = en;
			hasScannedForEncodings = 0;
			knownRegions = (
				en,
				Base,
			);
			mainGroup = CE0504D327AD7AB8009A2601;
			productRefGroup = CE0504DD27AD7AB8009A2601 /* Products */;
			projectDirPath = "";
			projectRoot = "";
			targets = (
				CE0504DB27AD7AB8009A2601 /* NormalWeatherApp */,
			);
		};
/* End PBXProject section */

/* Begin PBXResourcesBuildPhase section */
		CE0504DA27AD7AB8009A2601 /* Resources */ = {
			isa = PBXResourcesBuildPhase;
			buildActionMask = 2147483647;
			files = (
				CE0504EC27AD7ABA009A2601 /* LaunchScreen.storyboard in Resources */,
				CE0504E927AD7ABA009A2601 /* Assets.xcassets in Resources */,
				CE0504E727AD7AB8009A2601 /* Main.storyboard in Resources */,
			);
			runOnlyForDeploymentPostprocessing = 0;
		};
/* End PBXResourcesBuildPhase section */

/* Begin PBXSourcesBuildPhase section */
		CE0504D827AD7AB8009A2601 /* Sources */ = {
			isa = PBXSourcesBuildPhase;
			buildActionMask = 2147483647;
			files = (
				CE0504E427AD7AB8009A2601 /* ViewController.swift in Sources */,
				CE0504E027AD7AB8009A2601 /* AppDelegate.swift in Sources */,
				CE0504F827ADCC77009A2601 /* WeatherManager.swift in Sources */,
				CE0504E227AD7AB8009A2601 /* SceneDelegate.swift in Sources */,
				CE0504F527ADB8DB009A2601 /* WeatherModel.swift in Sources */,
			);
			runOnlyForDeploymentPostprocessing = 0;
		};
/* End PBXSourcesBuildPhase section */

/* Begin PBXVariantGroup section */
		CE0504E527AD7AB8009A2601 /* Main.storyboard */ = {
			isa = PBXVariantGroup;
			children = (
				CE0504E627AD7AB8009A2601 /* Base */,
			);
			name = Main.storyboard;
			sourceTree = "<group>";
		};
		CE0504EA27AD7ABA009A2601 /* LaunchScreen.storyboard */ = {
			isa = PBXVariantGroup;
			children = (
				CE0504EB27AD7ABA009A2601 /* Base */,
			);
			name = LaunchScreen.storyboard;
			sourceTree = "<group>";
		};
/* End PBXVariantGroup section */

/* Begin XCBuildConfiguration section */
		CE0504EE27AD7ABA009A2601 /* Debug */ = {
			isa = XCBuildConfiguration;
			buildSettings = {
				ALWAYS_SEARCH_USER_PATHS = NO;
				CLANG_ANALYZER_NONNULL = YES;
				CLANG_ANALYZER_NUMBER_OBJECT_CONVERSION = YES_AGGRESSIVE;
				CLANG_CXX_LANGUAGE_STANDARD = "gnu++17";
				CLANG_CXX_LIBRARY = "libc++";
				CLANG_ENABLE_MODULES = YES;
				CLANG_ENABLE_OBJC_ARC = YES;
				CLANG_ENABLE_OBJC_WEAK = YES;
				CLANG_WARN_BLOCK_CAPTURE_AUTORELEASING = YES;
				CLANG_WARN_BOOL_CONVERSION = YES;
				CLANG_WARN_COMMA = YES;
				CLANG_WARN_CONSTANT_CONVERSION = YES;
				CLANG_WARN_DEPRECATED_OBJC_IMPLEMENTATIONS = YES;
				CLANG_WARN_DIRECT_OBJC_ISA_USAGE = YES_ERROR;
				CLANG_WARN_DOCUMENTATION_COMMENTS = YES;
				CLANG_WARN_EMPTY_BODY = YES;
				CLANG_WARN_ENUM_CONVERSION = YES;
				CLANG_WARN_INFINITE_RECURSION = YES;
				CLANG_WARN_INT_CONVERSION = YES;
				CLANG_WARN_NON_LITERAL_NULL_CONVERSION = YES;
				CLANG_WARN_OBJC_IMPLICIT_RETAIN_SELF = YES;
				CLANG_WARN_OBJC_LITERAL_CONVERSION = YES;
				CLANG_WARN_OBJC_ROOT_CLASS = YES_ERROR;
				CLANG_WARN_QUOTED_INCLUDE_IN_FRAMEWORK_HEADER = YES;
				CLANG_WARN_RANGE_LOOP_ANALYSIS = YES;
				CLANG_WARN_STRICT_PROTOTYPES = YES;
				CLANG_WARN_SUSPICIOUS_MOVE = YES;
				CLANG_WARN_UNGUARDED_AVAILABILITY = YES_AGGRESSIVE;
				CLANG_WARN_UNREACHABLE_CODE = YES;
				CLANG_WARN__DUPLICATE_METHOD_MATCH = YES;
				COPY_PHASE_STRIP = NO;
				DEBUG_INFORMATION_FORMAT = dwarf;
				ENABLE_STRICT_OBJC_MSGSEND = YES;
				ENABLE_TESTABILITY = YES;
				GCC_C_LANGUAGE_STANDARD = gnu11;
				GCC_DYNAMIC_NO_PIC = NO;
				GCC_NO_COMMON_BLOCKS = YES;
				GCC_OPTIMIZATION_LEVEL = 0;
				GCC_PREPROCESSOR_DEFINITIONS = (
					"DEBUG=1",
					"$(inherited)",
				);
				GCC_WARN_64_TO_32_BIT_CONVERSION = YES;
				GCC_WARN_ABOUT_RETURN_TYPE = YES_ERROR;
				GCC_WARN_UNDECLARED_SELECTOR = YES;
				GCC_WARN_UNINITIALIZED_AUTOS = YES_AGGRESSIVE;
				GCC_WARN_UNUSED_FUNCTION = YES;
				GCC_WARN_UNUSED_VARIABLE = YES;
				IPHONEOS_DEPLOYMENT_TARGET = 15.2;
				MTL_ENABLE_DEBUG_INFO = INCLUDE_SOURCE;
				MTL_FAST_MATH = YES;
				ONLY_ACTIVE_ARCH = YES;
				SDKROOT = iphoneos;
				SWIFT_ACTIVE_COMPILATION_CONDITIONS = DEBUG;
				SWIFT_OPTIMIZATION_LEVEL = "-Onone";
			};
			name = Debug;
		};
		CE0504EF27AD7ABA009A2601 /* Release */ = {
			isa = XCBuildConfiguration;
			buildSettings = {
				ALWAYS_SEARCH_USER_PATHS = NO;
				CLANG_ANALYZER_NONNULL = YES;
				CLANG_ANALYZER_NUMBER_OBJECT_CONVERSION = YES_AGGRESSIVE;
				CLANG_CXX_LANGUAGE_STANDARD = "gnu++17";
				CLANG_CXX_LIBRARY = "libc++";
				CLANG_ENABLE_MODULES = YES;
				CLANG_ENABLE_OBJC_ARC = YES;
				CLANG_ENABLE_OBJC_WEAK = YES;
				CLANG_WARN_BLOCK_CAPTURE_AUTORELEASING = YES;
				CLANG_WARN_BOOL_CONVERSION = YES;
				CLANG_WARN_COMMA = YES;
				CLANG_WARN_CONSTANT_CONVERSION = YES;
				CLANG_WARN_DEPRECATED_OBJC_IMPLEMENTATIONS = YES;
				CLANG_WARN_DIRECT_OBJC_ISA_USAGE = YES_ERROR;
				CLANG_WARN_DOCUMENTATION_COMMENTS = YES;
				CLANG_WARN_EMPTY_BODY = YES;
				CLANG_WARN_ENUM_CONVERSION = YES;
				CLANG_WARN_INFINITE_RECURSION = YES;
				CLANG_WARN_INT_CONVERSION = YES;
				CLANG_WARN_NON_LITERAL_NULL_CONVERSION = YES;
				CLANG_WARN_OBJC_IMPLICIT_RETAIN_SELF = YES;
				CLANG_WARN_OBJC_LITERAL_CONVERSION = YES;
				CLANG_WARN_OBJC_ROOT_CLASS = YES_ERROR;
				CLANG_WARN_QUOTED_INCLUDE_IN_FRAMEWORK_HEADER = YES;
				CLANG_WARN_RANGE_LOOP_ANALYSIS = YES;
				CLANG_WARN_STRICT_PROTOTYPES = YES;
				CLANG_WARN_SUSPICIOUS_MOVE = YES;
				CLANG_WARN_UNGUARDED_AVAILABILITY = YES_AGGRESSIVE;
				CLANG_WARN_UNREACHABLE_CODE = YES;
				CLANG_WARN__DUPLICATE_METHOD_MATCH = YES;
				COPY_PHASE_STRIP = NO;
				DEBUG_INFORMATION_FORMAT = "dwarf-with-dsym";
				ENABLE_NS_ASSERTIONS = NO;
				ENABLE_STRICT_OBJC_MSGSEND = YES;
				GCC_C_LANGUAGE_STANDARD = gnu11;
				GCC_NO_COMMON_BLOCKS = YES;
				GCC_WARN_64_TO_32_BIT_CONVERSION = YES;
				GCC_WARN_ABOUT_RETURN_TYPE = YES_ERROR;
				GCC_WARN_UNDECLARED_SELECTOR = YES;
				GCC_WARN_UNINITIALIZED_AUTOS = YES_AGGRESSIVE;
				GCC_WARN_UNUSED_FUNCTION = YES;
				GCC_WARN_UNUSED_VARIABLE = YES;
				IPHONEOS_DEPLOYMENT_TARGET = 15.2;
				MTL_ENABLE_DEBUG_INFO = NO;
				MTL_FAST_MATH = YES;
				SDKROOT = iphoneos;
				SWIFT_COMPILATION_MODE = wholemodule;
				SWIFT_OPTIMIZATION_LEVEL = "-O";
				VALIDATE_PRODUCT = YES;
			};
			name = Release;
		};
		CE0504F127AD7ABA009A2601 /* Debug */ = {
			isa = XCBuildConfiguration;
			buildSettings = {
				ASSETCATALOG_COMPILER_APPICON_NAME = AppIcon;
				ASSETCATALOG_COMPILER_GLOBAL_ACCENT_COLOR_NAME = AccentColor;
				CODE_SIGN_STYLE = Automatic;
				CURRENT_PROJECT_VERSION = 1;
				DEVELOPMENT_TEAM = 993C8Z6CX7;
				GENERATE_INFOPLIST_FILE = YES;
				INFOPLIST_FILE = NormalWeatherApp/Info.plist;
				INFOPLIST_KEY_UIApplicationSupportsIndirectInputEvents = YES;
				INFOPLIST_KEY_UILaunchStoryboardName = LaunchScreen;
				INFOPLIST_KEY_UIMainStoryboardFile = Main;
				INFOPLIST_KEY_UISupportedInterfaceOrientations_iPad = "UIInterfaceOrientationPortrait UIInterfaceOrientationPortraitUpsideDown UIInterfaceOrientationLandscapeLeft UIInterfaceOrientationLandscapeRight";
				INFOPLIST_KEY_UISupportedInterfaceOrientations_iPhone = "UIInterfaceOrientationPortrait UIInterfaceOrientationLandscapeLeft UIInterfaceOrientationLandscapeRight";
				LD_RUNPATH_SEARCH_PATHS = (
					"$(inherited)",
					"@executable_path/Frameworks",
				);
				MARKETING_VERSION = 1.0;
				PRODUCT_BUNDLE_IDENTIFIER = GachiCorp.NormalWeatherApp;
				PRODUCT_NAME = "$(TARGET_NAME)";
				SWIFT_EMIT_LOC_STRINGS = YES;
				SWIFT_VERSION = 5.0;
				TARGETED_DEVICE_FAMILY = "1,2";
			};
			name = Debug;
		};
		CE0504F227AD7ABA009A2601 /* Release */ = {
			isa = XCBuildConfiguration;
			buildSettings = {
				ASSETCATALOG_COMPILER_APPICON_NAME = AppIcon;
				ASSETCATALOG_COMPILER_GLOBAL_ACCENT_COLOR_NAME = AccentColor;
				CODE_SIGN_STYLE = Automatic;
				CURRENT_PROJECT_VERSION = 1;
				DEVELOPMENT_TEAM = 993C8Z6CX7;
				GENERATE_INFOPLIST_FILE = YES;
				INFOPLIST_FILE = NormalWeatherApp/Info.plist;
				INFOPLIST_KEY_UIApplicationSupportsIndirectInputEvents = YES;
				INFOPLIST_KEY_UILaunchStoryboardName = LaunchScreen;
				INFOPLIST_KEY_UIMainStoryboardFile = Main;
				INFOPLIST_KEY_UISupportedInterfaceOrientations_iPad = "UIInterfaceOrientationPortrait UIInterfaceOrientationPortraitUpsideDown UIInterfaceOrientationLandscapeLeft UIInterfaceOrientationLandscapeRight";
				INFOPLIST_KEY_UISupportedInterfaceOrientations_iPhone = "UIInterfaceOrientationPortrait UIInterfaceOrientationLandscapeLeft UIInterfaceOrientationLandscapeRight";
				LD_RUNPATH_SEARCH_PATHS = (
					"$(inherited)",
					"@executable_path/Frameworks",
				);
				MARKETING_VERSION = 1.0;
				PRODUCT_BUNDLE_IDENTIFIER = GachiCorp.NormalWeatherApp;
				PRODUCT_NAME = "$(TARGET_NAME)";
				SWIFT_EMIT_LOC_STRINGS = YES;
				SWIFT_VERSION = 5.0;
				TARGETED_DEVICE_FAMILY = "1,2";
			};
			name = Release;
		};
/* End XCBuildConfiguration section */

/* Begin XCConfigurationList section */
		CE0504D727AD7AB8009A2601 /* Build configuration list for PBXProject "NormalWeatherApp" */ = {
			isa = XCConfigurationList;
			buildConfigurations = (
				CE0504EE27AD7ABA009A2601 /* Debug */,
				CE0504EF27AD7ABA009A2601 /* Release */,
			);
			defaultConfigurationIsVisible = 0;
			defaultConfigurationName = Release;
		};
		CE0504F027AD7ABA009A2601 /* Build configuration list for PBXNativeTarget "NormalWeatherApp" */ = {
			isa = XCConfigurationList;
			buildConfigurations = (
				CE0504F127AD7ABA009A2601 /* Debug */,
				CE0504F227AD7ABA009A2601 /* Release */,
			);
			defaultConfigurationIsVisible = 0;
			defaultConfigurationName = Release;
		};
/* End XCConfigurationList section */
	};
	rootObject = CE0504D427AD7AB8009A2601 /* Project object */;
}
